
Microsoft Visual Studio Solution File, Format Version 12.00
# Visual Studio Version 17
VisualStudioVersion = 17.8.34309.116
MinimumVisualStudioVersion = 10.0.40219.1
Project("{FAE04EC0-301F-11D3-BF4B-00C04F79EFBC}") = "Assignment_16_Quick_Sort_Algorithm", "Assignment_16_Quick_Sort_Algorithm\Assignment_16_Quick_Sort_Algorithm.csproj", "{36DBFBD8-6389-4FA9-8F9B-A17EB5A92578}"
EndProject
Global
	GlobalSection(SolutionConfigurationPlatforms) = preSolution
		Debug|Any CPU = Debug|Any CPU
		Release|Any CPU = Release|Any CPU
	EndGlobalSection
	GlobalSection(ProjectConfigurationPlatforms) = postSolution
		{36DBFBD8-6389-4FA9-8F9B-A17EB5A92578}.Debug|Any CPU.ActiveCfg = Debug|Any CPU
		{36DBFBD8-6389-4FA9-8F9B-A17EB5A92578}.Debug|Any CPU.Build.0 = Debug|Any CPU
		{36DBFBD8-6389-4FA9-8F9B-A17EB5A92578}.Release|Any CPU.ActiveCfg = Release|Any CPU
		{36DBFBD8-6389-4FA9-8F9B-A17EB5A92578}.Release|Any CPU.Build.0 = Release|Any CPU
	EndGlobalSection
	GlobalSection(SolutionProperties) = preSolution
		HideSolutionNode = FALSE
	EndGlobalSection
	GlobalSection(ExtensibilityGlobals) = postSolution
		SolutionGuid = {549D6B17-4089-4708-A93D-BA967FCAF7D9}
	EndGlobalSection
EndGlobal
